<?xml version="1.0" encoding="utf-8"?>
<Project ToolsVersion="4.0" xmlns="http://schemas.microsoft.com/developer/msbuild/2003">
  <ItemGroup>
    <Filter Include="Source Files">
      <UniqueIdentifier>{4FC737F1-C7A5-4376-A066-2A32D752A2FF}</UniqueIdentifier>
      <Extensions>cpp;c;cc;cxx;c++;cppm;ixx;def;odl;idl;hpj;bat;asm;asmx</Extensions>
    </Filter>
    <Filter Include="Header Files">
      <UniqueIdentifier>{93995380-89BD-4b04-88EB-625FBE52EBFB}</UniqueIdentifier>
      <Extensions>h;hh;hpp;hxx;h++;hm;inl;inc;ipp;xsd</Extensions>
    </Filter>
    <Filter Include="Resource Files">
      <UniqueIdentifier>{67DA6AB6-F800-4c08-8B7A-83BB121AAD01}</UniqueIdentifier>
      <Extensions>rc;ico;cur;bmp;dlg;rc2;rct;bin;rgs;gif;jpg;jpeg;jpe;resx;tiff;tif;png;wav;mfcribbon-ms</Extensions>
    </Filter>
  </ItemGroup>
  <ItemGroup>
    <ClCompile Include="Source.cpp">
      <Filter>Source Files</Filter>
    </ClCompile>
    <ClCompile Include="Mutex_Ex.cpp">
      <Filter>Source Files</Filter>
    </ClCompile>
    <ClCompile Include="WaysToCreate.cpp">
      <Filter>Source Files</Filter>
    </ClCompile>
    <ClCompile Include="Try_Lock.cpp">
      <Filter>Source Files</Filter>
    </ClCompile>
    <ClCompile Include="Timed_Mutex.cpp">
      <Filter>Source Files</Filter>
    </ClCompile>
    <ClCompile Include="Recursive_Mutex.cpp">
      <Filter>Source Files</Filter>
    </ClCompile>
    <ClCompile Include="Lock_Guard.cpp">
      <Filter>Source Files</Filter>
    </ClCompile>
    <ClCompile Include="Unique_Lock.cpp">
      <Filter>Source Files</Filter>
    </ClCompile>
    <ClCompile Include="Condition_Variable.cpp">
      <Filter>Source Files</Filter>
    </ClCompile>
    <ClCompile Include="Dead_Lock.cpp">
      <Filter>Source Files</Filter>
    </ClCompile>
    <ClCompile Include="Std_Lock.cpp">
      <Filter>Source Files</Filter>
    </ClCompile>
    <ClCompile Include="Promise_Future.cpp">
      <Filter>Source Files</Filter>
    </ClCompile>
    <ClCompile Include="Async_Task.cpp">
      <Filter>Source Files</Filter>
    </ClCompile>
    <ClCompile Include="Producer_Consumer_Prob.cpp">
      <Filter>Source Files</Filter>
    </ClCompile>
  </ItemGroup>
  <ItemGroup>
    <ClInclude Include="Header.h">
      <Filter>Header Files</Filter>
    </ClInclude>
    <ClInclude Include="Mutex_Ex.h">
      <Filter>Header Files</Filter>
    </ClInclude>
    <ClInclude Include="WaysToCreate.h">
      <Filter>Header Files</Filter>
    </ClInclude>
    <ClInclude Include="Try_Lock.h">
      <Filter>Header Files</Filter>
    </ClInclude>
    <ClInclude Include="Timed_Mutex.h">
      <Filter>Header Files</Filter>
    </ClInclude>
    <ClInclude Include="Recursive_Mutex.h">
      <Filter>Header Files</Filter>
    </ClInclude>
    <ClInclude Include="Lock_Guard.h">
      <Filter>Header Files</Filter>
    </ClInclude>
    <ClInclude Include="Unique_Lock.h">
      <Filter>Header Files</Filter>
    </ClInclude>
    <ClInclude Include="Condition_Variable.h">
      <Filter>Header Files</Filter>
    </ClInclude>
    <ClInclude Include="Dead_Lock.h">
      <Filter>Header Files</Filter>
    </ClInclude>
    <ClInclude Include="Std_Lock.h">
      <Filter>Header Files</Filter>
    </ClInclude>
    <ClInclude Include="Promise_Future.h">
      <Filter>Header Files</Filter>
    </ClInclude>
    <ClInclude Include="Async_Task.h">
      <Filter>Header Files</Filter>
    </ClInclude>
    <ClInclude Include="Producer_Consumer_Prob.h">
      <Filter>Header Files</Filter>
    </ClInclude>
  </ItemGroup>
</Project>